
Microsoft Visual Studio Solution File, Format Version 12.00
# Visual Studio Version 17
VisualStudioVersion = 17.1.32228.430
MinimumVisualStudioVersion = 10.0.40219.1
Project("{FAE04EC0-301F-11D3-BF4B-00C04F79EFBC}") = "Molledikrysset", "Molledikrysset\Molledikrysset.csproj", "{E818640C-CA29-4492-837C-86B38D0BCC57}"
EndProject
Global
	GlobalSection(SolutionConfigurationPlatforms) = preSolution
		Debug|Any CPU = Debug|Any CPU
		Release|Any CPU = Release|Any CPU
	EndGlobalSection
	GlobalSection(ProjectConfigurationPlatforms) = postSolution
		{E818640C-CA29-4492-837C-86B38D0BCC57}.Debug|Any CPU.ActiveCfg = Debug|Any CPU
		{E818640C-CA29-4492-837C-86B38D0BCC57}.Debug|Any CPU.Build.0 = Debug|Any CPU
		{E818640C-CA29-4492-837C-86B38D0BCC57}.Release|Any CPU.ActiveCfg = Release|Any CPU
		{E818640C-CA29-4492-837C-86B38D0BCC57}.Release|Any CPU.Build.0 = Release|Any CPU
	EndGlobalSection
	GlobalSection(SolutionProperties) = preSolution
		HideSolutionNode = FALSE
	EndGlobalSection
	GlobalSection(ExtensibilityGlobals) = postSolution
		SolutionGuid = {1D107611-0055-45FC-ACA1-B7EB1DDB1F64}
	EndGlobalSection
EndGlobal
